<?xml version="1.0" encoding="utf-8"?>
<Project ToolsVersion="4.0" xmlns="http://schemas.microsoft.com/developer/msbuild/2003">
  <ItemGroup>
    <Filter Include="Source Files">
      <UniqueIdentifier>{4FC737F1-C7A5-4376-A066-2A32D752A2FF}</UniqueIdentifier>
      <Extensions>cpp;c;cc;cxx;c++;cppm;ixx;def;odl;idl;hpj;bat;asm;asmx</Extensions>
    </Filter>
    <Filter Include="Header Files">
      <UniqueIdentifier>{93995380-89BD-4b04-88EB-625FBE52EBFB}</UniqueIdentifier>
      <Extensions>h;hh;hpp;hxx;h++;hm;inl;inc;ipp;xsd</Extensions>
    </Filter>
    <Filter Include="Resource Files">
      <UniqueIdentifier>{67DA6AB6-F800-4c08-8B7A-83BB121AAD01}</UniqueIdentifier>
      <Extensions>rc;ico;cur;bmp;dlg;rc2;rct;bin;rgs;gif;jpg;jpeg;jpe;resx;tiff;tif;png;wav;mfcribbon-ms</Extensions>
    </Filter>
    <Filter Include="Source Files\Misc">
      <UniqueIdentifier>{0faca25a-8312-409c-87d5-ab98d62768a2}</UniqueIdentifier>
    </Filter>
    <Filter Include="Source Files\Scenes">
      <UniqueIdentifier>{2b399edc-94ce-4c83-a53c-8a27b7a550ff}</UniqueIdentifier>
    </Filter>
    <Filter Include="Source Files\Main">
      <UniqueIdentifier>{c38235ac-597d-4f91-b19e-661107ab3839}</UniqueIdentifier>
    </Filter>
    <Filter Include="Source Files\Misc\DearImgui">
      <UniqueIdentifier>{3dff571c-b02e-4582-8be6-ff79768c06d0}</UniqueIdentifier>
    </Filter>
    <Filter Include="Source Files\Scenes\SceneClass">
      <UniqueIdentifier>{1e49b5e6-211f-4b35-bf24-a2c71f15afa1}</UniqueIdentifier>
    </Filter>
    <Filter Include="Source Files\Scenes\SceneManager">
      <UniqueIdentifier>{8a8fa9cd-4715-4995-b08e-f4f66c06b770}</UniqueIdentifier>
    </Filter>
    <Filter Include="Source Files\Scenes\Scenes">
      <UniqueIdentifier>{dbb3e1b6-0105-4163-9c15-09a6680a291a}</UniqueIdentifier>
    </Filter>
    <Filter Include="Source Files\Scenes\Scenes\Simple Scene Quad">
      <UniqueIdentifier>{e74b0bbf-f458-4f34-938e-86e641a305b3}</UniqueIdentifier>
    </Filter>
  </ItemGroup>
  <ItemGroup>
    <ClCompile Include="Src\shader.cpp">
      <Filter>Source Files</Filter>
    </ClCompile>
    <ClCompile Include="Src\GLApplication.cpp">
      <Filter>Source Files\Main</Filter>
    </ClCompile>
    <ClCompile Include="..\dependencies\imgui\imgui.cpp">
      <Filter>Source Files\Misc\DearImgui</Filter>
    </ClCompile>
    <ClCompile Include="..\dependencies\imgui\imgui_demo.cpp">
      <Filter>Source Files\Misc\DearImgui</Filter>
    </ClCompile>
    <ClCompile Include="..\dependencies\imgui\imgui_draw.cpp">
      <Filter>Source Files\Misc\DearImgui</Filter>
    </ClCompile>
    <ClCompile Include="..\dependencies\imgui\imgui_impl_glfw.cpp">
      <Filter>Source Files\Misc\DearImgui</Filter>
    </ClCompile>
    <ClCompile Include="..\dependencies\imgui\imgui_impl_opengl3.cpp">
      <Filter>Source Files\Misc\DearImgui</Filter>
    </ClCompile>
    <ClCompile Include="..\dependencies\imgui\imgui_tables.cpp">
      <Filter>Source Files\Misc\DearImgui</Filter>
    </ClCompile>
    <ClCompile Include="..\dependencies\imgui\imgui_widgets.cpp">
      <Filter>Source Files\Misc\DearImgui</Filter>
    </ClCompile>
    <ClCompile Include="Src\SceneManager.cpp">
      <Filter>Source Files\Scenes\SceneManager</Filter>
    </ClCompile>
    <ClCompile Include="Src\Scene.cpp">
      <Filter>Source Files\Scenes\SceneClass</Filter>
    </ClCompile>
    <ClCompile Include="Src\Scenes\SimpleScene_Quad.cpp">
      <Filter>Source Files\Scenes\Scenes\Simple Scene Quad</Filter>
    </ClCompile>
  </ItemGroup>
  <ItemGroup>
    <ClInclude Include="Src\shader.hpp">
      <Filter>Source Files</Filter>
    </ClInclude>
    <ClInclude Include="Src\GLApplication.h">
      <Filter>Source Files\Main</Filter>
    </ClInclude>
    <ClInclude Include="..\dependencies\imgui\imconfig.h">
      <Filter>Source Files\Misc\DearImgui</Filter>
    </ClInclude>
    <ClInclude Include="..\dependencies\imgui\imgui.h">
      <Filter>Source Files\Misc\DearImgui</Filter>
    </ClInclude>
    <ClInclude Include="..\dependencies\imgui\imgui_impl_glfw.h">
      <Filter>Source Files\Misc\DearImgui</Filter>
    </ClInclude>
    <ClInclude Include="..\dependencies\imgui\imgui_impl_opengl3.h">
      <Filter>Source Files\Misc\DearImgui</Filter>
    </ClInclude>
    <ClInclude Include="..\dependencies\imgui\imgui_impl_opengl3_loader.h">
      <Filter>Source Files\Misc\DearImgui</Filter>
    </ClInclude>
    <ClInclude Include="..\dependencies\imgui\imgui_internal.h">
      <Filter>Source Files\Misc\DearImgui</Filter>
    </ClInclude>
    <ClInclude Include="..\dependencies\imgui\imstb_rectpack.h">
      <Filter>Source Files\Misc\DearImgui</Filter>
    </ClInclude>
    <ClInclude Include="..\dependencies\imgui\imstb_textedit.h">
      <Filter>Source Files\Misc\DearImgui</Filter>
    </ClInclude>
    <ClInclude Include="..\dependencies\imgui\imstb_truetype.h">
      <Filter>Source Files\Misc\DearImgui</Filter>
    </ClInclude>
    <ClInclude Include="Src\Scene.h">
      <Filter>Source Files\Scenes\SceneClass</Filter>
    </ClInclude>
    <ClInclude Include="Src\SceneManager.h">
      <Filter>Source Files\Scenes\SceneManager</Filter>
    </ClInclude>
    <ClInclude Include="Src\Scenes\SimpleScene_Quad.h">
      <Filter>Source Files\Scenes\Scenes\Simple Scene Quad</Filter>
    </ClInclude>
  </ItemGroup>
  <ItemGroup>
    <None Include="..\dependencies\imgui\Readme.md">
      <Filter>Source Files\Misc\DearImgui</Filter>
    </None>
  </ItemGroup>
</Project>